
Microsoft Visual Studio Solution File, Format Version 12.00
# Visual Studio Version 16
VisualStudioVersion = 16.0.31205.134
MinimumVisualStudioVersion = 10.0.40219.1
Project("{FAE04EC0-301F-11D3-BF4B-00C04F79EFBC}") = "task-1-calculator", "task-1-calculator\task-1-calculator.csproj", "{BCA20505-936F-4068-BB01-2F542BFE5466}"
EndProject
Global
	GlobalSection(SolutionConfigurationPlatforms) = preSolution
		Debug|Any CPU = Debug|Any CPU
		Release|Any CPU = Release|Any CPU
	EndGlobalSection
	GlobalSection(ProjectConfigurationPlatforms) = postSolution
		{BCA20505-936F-4068-BB01-2F542BFE5466}.Debug|Any CPU.ActiveCfg = Debug|Any CPU
		{BCA20505-936F-4068-BB01-2F542BFE5466}.Debug|Any CPU.Build.0 = Debug|Any CPU
		{BCA20505-936F-4068-BB01-2F542BFE5466}.Release|Any CPU.ActiveCfg = Release|Any CPU
		{BCA20505-936F-4068-BB01-2F542BFE5466}.Release|Any CPU.Build.0 = Release|Any CPU
	EndGlobalSection
	GlobalSection(SolutionProperties) = preSolution
		HideSolutionNode = FALSE
	EndGlobalSection
	GlobalSection(ExtensibilityGlobals) = postSolution
		SolutionGuid = {111F3776-E5D2-4769-8B37-590E0D70D3CC}
	EndGlobalSection
EndGlobal
